{
  "version": 4,
  "terraform_version": "0.14.6",
  "serial": 3,
  "lineage": "c4ca93c7-1819-88e2-8b5a-d031531c1b68",
  "outputs": {},
  "resources": [
    {
      "mode": "data",
      "type": "template_cloudinit_config",
      "name": "cloudinit-example",
      "provider": "provider[\"registry.terraform.io/hashicorp/template\"]",
      "instances": [
        {
          "schema_version": 0,
          "attributes": {
            "base64_encode": false,
            "gzip": false,
            "id": "3350124116",
            "part": [
              {
                "content": "#cloud-config\n\nrepo_update: true\nrepo_upgrade: all\n\npackages:\n  - nginx\n\noutput:\n  all: '| tee -a /var/log/cloud-init-output.log'",
                "content_type": "text/cloud-config",
                "filename": "init.cfg",
                "merge_type": ""
              },
              {
                "content": "#!/bin/bash\nsudo yum -y install java-1.8.0-openjdk-devel\nJAVA_HOME=$(find /usr/lib/jvm/java-1.8* | head -n 3 | grep \"/usr/lib/jvm/java-1.8.0-openjdk-1.8.0*\")\nexport JAVA_HOME\nPATH=$PATH:$JAVA_HOME",
                "content_type": "text/x-shellscript",
                "filename": "",
                "merge_type": ""
              },
              {
                "content": "#!/bin/bash\nsudo yum -y install wget\nsudo wget -O /etc/yum.repos.d/jenkins.repo https://pkg.jenkins.io/redhat-stable/jenkins.repo\nsudo rpm --import https://pkg.jenkins.io/redhat-stable/jenkins.io.key\nsudo yum -y install jenkins\n\nsudo service jenkins start\nsudo chkconfig jenkins on",
                "content_type": "text/x-shellscript",
                "filename": "",
                "merge_type": ""
              }
            ],
            "rendered": "Content-Type: multipart/mixed; boundary=\"MIMEBOUNDARY\"\nMIME-Version: 1.0\r\n\r\n--MIMEBOUNDARY\r\nContent-Disposition: attachment; filename=\"init.cfg\"\r\nContent-Transfer-Encoding: 7bit\r\nContent-Type: text/cloud-config\r\nMime-Version: 1.0\r\n\r\n#cloud-config\n\nrepo_update: true\nrepo_upgrade: all\n\npackages:\n  - nginx\n\noutput:\n  all: '| tee -a /var/log/cloud-init-output.log'\r\n--MIMEBOUNDARY\r\nContent-Transfer-Encoding: 7bit\r\nContent-Type: text/x-shellscript\r\nMime-Version: 1.0\r\n\r\n#!/bin/bash\nsudo yum -y install java-1.8.0-openjdk-devel\nJAVA_HOME=$(find /usr/lib/jvm/java-1.8* | head -n 3 | grep \"/usr/lib/jvm/java-1.8.0-openjdk-1.8.0*\")\nexport JAVA_HOME\nPATH=$PATH:$JAVA_HOME\r\n--MIMEBOUNDARY\r\nContent-Transfer-Encoding: 7bit\r\nContent-Type: text/x-shellscript\r\nMime-Version: 1.0\r\n\r\n#!/bin/bash\nsudo yum -y install wget\nsudo wget -O /etc/yum.repos.d/jenkins.repo https://pkg.jenkins.io/redhat-stable/jenkins.repo\nsudo rpm --import https://pkg.jenkins.io/redhat-stable/jenkins.io.key\nsudo yum -y install jenkins\n\nsudo service jenkins start\nsudo chkconfig jenkins on\r\n--MIMEBOUNDARY--\r\n"
          },
          "sensitive_attributes": []
        }
      ]
    },
    {
      "mode": "data",
      "type": "template_file",
      "name": "init-script",
      "provider": "provider[\"registry.terraform.io/hashicorp/template\"]",
      "instances": [
        {
          "schema_version": 0,
          "attributes": {
            "filename": null,
            "id": "393e2529fdfaf35c8f536162653a334efa4b73fe9060843c704a297cc73c4f8c",
            "rendered": "#cloud-config\n\nrepo_update: true\nrepo_upgrade: all\n\npackages:\n  - nginx\n\noutput:\n  all: '| tee -a /var/log/cloud-init-output.log'",
            "template": "#cloud-config\n\nrepo_update: true\nrepo_upgrade: all\n\npackages:\n  - nginx\n\noutput:\n  all: '| tee -a /var/log/cloud-init-output.log'",
            "vars": {
              "REGION": "eu-central-1"
            }
          },
          "sensitive_attributes": []
        }
      ]
    },
    {
      "mode": "data",
      "type": "template_file",
      "name": "shell-script-1",
      "provider": "provider[\"registry.terraform.io/hashicorp/template\"]",
      "instances": [
        {
          "schema_version": 0,
          "attributes": {
            "filename": null,
            "id": "b28e1488346f12a2aa9a2b2e04601681ae7f3599a3f757f86a121a3f746782cc",
            "rendered": "#!/bin/bash\nsudo yum -y install java-1.8.0-openjdk-devel\nJAVA_HOME=$(find /usr/lib/jvm/java-1.8* | head -n 3 | grep \"/usr/lib/jvm/java-1.8.0-openjdk-1.8.0*\")\nexport JAVA_HOME\nPATH=$PATH:$JAVA_HOME",
            "template": "#!/bin/bash\nsudo yum -y install java-1.8.0-openjdk-devel\nJAVA_HOME=$(find /usr/lib/jvm/java-1.8* | head -n 3 | grep \"/usr/lib/jvm/java-1.8.0-openjdk-1.8.0*\")\nexport JAVA_HOME\nPATH=$PATH:$JAVA_HOME",
            "vars": null
          },
          "sensitive_attributes": []
        }
      ]
    },
    {
      "mode": "data",
      "type": "template_file",
      "name": "shell-script-2",
      "provider": "provider[\"registry.terraform.io/hashicorp/template\"]",
      "instances": [
        {
          "schema_version": 0,
          "attributes": {
            "filename": null,
            "id": "58349b2e715d2016f60d90f4feb42cbf2f0d3413a8d1268526bf662457802615",
            "rendered": "#!/bin/bash\nsudo yum -y install wget\nsudo wget -O /etc/yum.repos.d/jenkins.repo https://pkg.jenkins.io/redhat-stable/jenkins.repo\nsudo rpm --import https://pkg.jenkins.io/redhat-stable/jenkins.io.key\nsudo yum -y install jenkins\n\nsudo service jenkins start\nsudo chkconfig jenkins on",
            "template": "#!/bin/bash\nsudo yum -y install wget\nsudo wget -O /etc/yum.repos.d/jenkins.repo https://pkg.jenkins.io/redhat-stable/jenkins.repo\nsudo rpm --import https://pkg.jenkins.io/redhat-stable/jenkins.io.key\nsudo yum -y install jenkins\n\nsudo service jenkins start\nsudo chkconfig jenkins on",
            "vars": null
          },
          "sensitive_attributes": []
        }
      ]
    },
    {
      "mode": "managed",
      "type": "aws_instance",
      "name": "testvm",
      "provider": "provider[\"registry.terraform.io/hashicorp/aws\"]",
      "instances": [
        {
          "schema_version": 1,
          "attributes": {
            "ami": "ami-0a6dc7529cd559185",
            "arn": "arn:aws:ec2:eu-central-1:357846022338:instance/i-01f19cab976764cfe",
            "associate_public_ip_address": true,
            "availability_zone": "eu-central-1c",
            "cpu_core_count": 1,
            "cpu_threads_per_core": 1,
            "credit_specification": [
              {
                "cpu_credits": "standard"
              }
            ],
            "disable_api_termination": false,
            "ebs_block_device": [],
            "ebs_optimized": false,
            "enclave_options": [
              {
                "enabled": false
              }
            ],
            "ephemeral_block_device": [],
            "get_password_data": false,
            "hibernation": false,
            "host_id": null,
            "iam_instance_profile": "",
            "id": "i-01f19cab976764cfe",
            "instance_initiated_shutdown_behavior": null,
            "instance_state": "running",
            "instance_type": "t2.micro",
            "ipv6_address_count": 0,
            "ipv6_addresses": [],
            "key_name": "SAA-C01",
            "metadata_options": [
              {
                "http_endpoint": "enabled",
                "http_put_response_hop_limit": 1,
                "http_tokens": "optional"
              }
            ],
            "monitoring": false,
            "network_interface": [],
            "outpost_arn": "",
            "password_data": "",
            "placement_group": "",
            "primary_network_interface_id": "eni-0b836a2315fb08e83",
            "private_dns": "ip-172-31-38-74.eu-central-1.compute.internal",
            "private_ip": "172.31.38.74",
            "public_dns": "ec2-18-193-78-129.eu-central-1.compute.amazonaws.com",
            "public_ip": "18.193.78.129",
            "root_block_device": [
              {
                "delete_on_termination": true,
                "device_name": "/dev/xvda",
                "encrypted": false,
                "iops": 100,
                "kms_key_id": "",
                "tags": null,
                "throughput": 0,
                "volume_id": "vol-001546c9cacb008ba",
                "volume_size": 15,
                "volume_type": "gp2"
              }
            ],
            "secondary_private_ips": [],
            "security_groups": [
              "allow-ssh"
            ],
            "source_dest_check": true,
            "subnet_id": "subnet-b7edd7fd",
            "tags": {
              "Name": "jenkins-host"
            },
            "tenancy": "default",
            "timeouts": null,
            "user_data": "1fa3952f9f3e65d5f29754c47a37221da52cde8e",
            "user_data_base64": null,
            "volume_tags": {
              "Name": "jenkins-host"
            },
            "vpc_security_group_ids": [
              "sg-027e7bc6cb1f5982d"
            ]
          },
          "sensitive_attributes": [],
          "private": "eyJlMmJmYjczMC1lY2FhLTExZTYtOGY4OC0zNDM2M2JjN2M0YzAiOnsiY3JlYXRlIjo2MDAwMDAwMDAwMDAsImRlbGV0ZSI6MTIwMDAwMDAwMDAwMCwidXBkYXRlIjo2MDAwMDAwMDAwMDB9LCJzY2hlbWFfdmVyc2lvbiI6IjEifQ==",
          "dependencies": [
            "aws_security_group.allow-ssh",
            "data.template_cloudinit_config.cloudinit-example"
          ]
        }
      ]
    },
    {
      "mode": "managed",
      "type": "aws_security_group",
      "name": "allow-ssh",
      "provider": "provider[\"registry.terraform.io/hashicorp/aws\"]",
      "instances": [
        {
          "schema_version": 1,
          "attributes": {
            "arn": "arn:aws:ec2:eu-central-1:357846022338:security-group/sg-027e7bc6cb1f5982d",
            "description": "security group that allows ssh and all egress traffic",
            "egress": [
              {
                "cidr_blocks": [
                  "0.0.0.0/0"
                ],
                "description": "",
                "from_port": 0,
                "ipv6_cidr_blocks": [],
                "prefix_list_ids": [],
                "protocol": "-1",
                "security_groups": [],
                "self": false,
                "to_port": 0
              }
            ],
            "id": "sg-027e7bc6cb1f5982d",
            "ingress": [
              {
                "cidr_blocks": [
                  "0.0.0.0/0"
                ],
                "description": "",
                "from_port": 22,
                "ipv6_cidr_blocks": [],
                "prefix_list_ids": [],
                "protocol": "tcp",
                "security_groups": [],
                "self": false,
                "to_port": 22
              }
            ],
            "name": "allow-ssh",
            "name_prefix": "",
            "owner_id": "357846022338",
            "revoke_rules_on_delete": false,
            "tags": {
              "Name": "allow-ssh"
            },
            "timeouts": null,
            "vpc_id": "vpc-1f39b977"
          },
          "sensitive_attributes": [],
          "private": "eyJlMmJmYjczMC1lY2FhLTExZTYtOGY4OC0zNDM2M2JjN2M0YzAiOnsiY3JlYXRlIjo2MDAwMDAwMDAwMDAsImRlbGV0ZSI6NjAwMDAwMDAwMDAwfSwic2NoZW1hX3ZlcnNpb24iOiIxIn0="
        }
      ]
    }
  ]
}
